// !$*UTF8*$!
{
	archiveVersion = 1;
	classes = {
	};
	objectVersion = 50;
	objects = {

/* Begin PBXBuildFile section */
		83118E362506DFBF007D441F /* AppDelegate.m in Sources */ = {isa = PBXBuildFile; fileRef = 83118E352506DFBF007D441F /* AppDelegate.m */; };
		83118E392506DFBF007D441F /* SceneDelegate.m in Sources */ = {isa = PBXBuildFile; fileRef = 83118E382506DFBF007D441F /* SceneDelegate.m */; };
		83118E3C2506DFBF007D441F /* ViewController.m in Sources */ = {isa = PBXBuildFile; fileRef = 83118E3B2506DFBF007D441F /* ViewController.m */; };
		83118E3F2506DFBF007D441F /* Main.storyboard in Resources */ = {isa = PBXBuildFile; fileRef = 83118E3D2506DFBF007D441F /* Main.storyboard */; };
		83118E412506DFC1007D441F /* Assets.xcassets in Resources */ = {isa = PBXBuildFile; fileRef = 83118E402506DFC1007D441F /* Assets.xcassets */; };
		83118E442506DFC1007D441F /* LaunchScreen.storyboard in Resources */ = {isa = PBXBuildFile; fileRef = 83118E422506DFC1007D441F /* LaunchScreen.storyboard */; };
		83118E472506DFC1007D441F /* main.m in Sources */ = {isa = PBXBuildFile; fileRef = 83118E462506DFC1007D441F /* main.m */; };
		83118E512506DFC1007D441F /* TheMovieDBAppTests.m in Sources */ = {isa = PBXBuildFile; fileRef = 83118E502506DFC1007D441F /* TheMovieDBAppTests.m */; };
		83118E5C2506DFC1007D441F /* TheMovieDBAppUITests.m in Sources */ = {isa = PBXBuildFile; fileRef = 83118E5B2506DFC1007D441F /* TheMovieDBAppUITests.m */; };
/* End PBXBuildFile section */

/* Begin PBXContainerItemProxy section */
		83118E4D2506DFC1007D441F /* PBXContainerItemProxy */ = {
			isa = PBXContainerItemProxy;
			containerPortal = 83118E292506DFBF007D441F /* Project object */;
			proxyType = 1;
			remoteGlobalIDString = 83118E302506DFBF007D441F;
			remoteInfo = TheMovieDBApp;
		};
		83118E582506DFC1007D441F /* PBXContainerItemProxy */ = {
			isa = PBXContainerItemProxy;
			containerPortal = 83118E292506DFBF007D441F /* Project object */;
			proxyType = 1;
			remoteGlobalIDString = 83118E302506DFBF007D441F;
			remoteInfo = TheMovieDBApp;
		};
/* End PBXContainerItemProxy section */

/* Begin PBXFileReference section */
		83118E312506DFBF007D441F /* TheMovieDBApp.app */ = {isa = PBXFileReference; explicitFileType = wrapper.application; includeInIndex = 0; path = TheMovieDBApp.app; sourceTree = BUILT_PRODUCTS_DIR; };
		83118E342506DFBF007D441F /* AppDelegate.h */ = {isa = PBXFileReference; lastKnownFileType = sourcecode.c.h; path = AppDelegate.h; sourceTree = "<group>"; };
		83118E352506DFBF007D441F /* AppDelegate.m */ = {isa = PBXFileReference; lastKnownFileType = sourcecode.c.objc; path = AppDelegate.m; sourceTree = "<group>"; };
		83118E372506DFBF007D441F /* SceneDelegate.h */ = {isa = PBXFileReference; lastKnownFileType = sourcecode.c.h; path = SceneDelegate.h; sourceTree = "<group>"; };
		83118E382506DFBF007D441F /* SceneDelegate.m */ = {isa = PBXFileReference; lastKnownFileType = sourcecode.c.objc; path = SceneDelegate.m; sourceTree = "<group>"; };
		83118E3A2506DFBF007D441F /* ViewController.h */ = {isa = PBXFileReference; lastKnownFileType = sourcecode.c.h; path = ViewController.h; sourceTree = "<group>"; };
		83118E3B2506DFBF007D441F /* ViewController.m */ = {isa = PBXFileReference; lastKnownFileType = sourcecode.c.objc; path = ViewController.m; sourceTree = "<group>"; };
		83118E3E2506DFBF007D441F /* Base */ = {isa = PBXFileReference; lastKnownFileType = file.storyboard; name = Base; path = Base.lproj/Main.storyboard; sourceTree = "<group>"; };
		83118E402506DFC1007D441F /* Assets.xcassets */ = {isa = PBXFileReference; lastKnownFileType = folder.assetcatalog; path = Assets.xcassets; sourceTree = "<group>"; };
		83118E432506DFC1007D441F /* Base */ = {isa = PBXFileReference; lastKnownFileType = file.storyboard; name = Base; path = Base.lproj/LaunchScreen.storyboard; sourceTree = "<group>"; };
		83118E452506DFC1007D441F /* Info.plist */ = {isa = PBXFileReference; lastKnownFileType = text.plist.xml; path = Info.plist; sourceTree = "<group>"; };
		83118E462506DFC1007D441F /* main.m */ = {isa = PBXFileReference; lastKnownFileType = sourcecode.c.objc; path = main.m; sourceTree = "<group>"; };
		83118E4C2506DFC1007D441F /* TheMovieDBAppTests.xctest */ = {isa = PBXFileReference; explicitFileType = wrapper.cfbundle; includeInIndex = 0; path = TheMovieDBAppTests.xctest; sourceTree = BUILT_PRODUCTS_DIR; };
		83118E502506DFC1007D441F /* TheMovieDBAppTests.m */ = {isa = PBXFileReference; lastKnownFileType = sourcecode.c.objc; path = TheMovieDBAppTests.m; sourceTree = "<group>"; };
		83118E522506DFC1007D441F /* Info.plist */ = {isa = PBXFileReference; lastKnownFileType = text.plist.xml; path = Info.plist; sourceTree = "<group>"; };
		83118E572506DFC1007D441F /* TheMovieDBAppUITests.xctest */ = {isa = PBXFileReference; explicitFileType = wrapper.cfbundle; includeInIndex = 0; path = TheMovieDBAppUITests.xctest; sourceTree = BUILT_PRODUCTS_DIR; };
		83118E5B2506DFC1007D441F /* TheMovieDBAppUITests.m */ = {isa = PBXFileReference; lastKnownFileType = sourcecode.c.objc; path = TheMovieDBAppUITests.m; sourceTree = "<group>"; };
		83118E5D2506DFC1007D441F /* Info.plist */ = {isa = PBXFileReference; lastKnownFileType = text.plist.xml; path = Info.plist; sourceTree = "<group>"; };
/* End PBXFileReference section */

/* Begin PBXFrameworksBuildPhase section */
		83118E2E2506DFBF007D441F /* Frameworks */ = {
			isa = PBXFrameworksBuildPhase;
			buildActionMask = 2147483647;
			files = (
			);
			runOnlyForDeploymentPostprocessing = 0;
		};
		83118E492506DFC1007D441F /* Frameworks */ = {
			isa = PBXFrameworksBuildPhase;
			buildActionMask = 2147483647;
			files = (
			);
			runOnlyForDeploymentPostprocessing = 0;
		};
		83118E542506DFC1007D441F /* Frameworks */ = {
			isa = PBXFrameworksBuildPhase;
			buildActionMask = 2147483647;
			files = (
			);
			runOnlyForDeploymentPostprocessing = 0;
		};
/* End PBXFrameworksBuildPhase section */

/* Begin PBXGroup section */
		83118E282506DFBF007D441F = {
			isa = PBXGroup;
			children = (
				83118E332506DFBF007D441F /* TheMovieDBApp */,
				83118E4F2506DFC1007D441F /* TheMovieDBAppTests */,
				83118E5A2506DFC1007D441F /* TheMovieDBAppUITests */,
				83118E322506DFBF007D441F /* Products */,
			);
			sourceTree = "<group>";
		};
		83118E322506DFBF007D441F /* Products */ = {
			isa = PBXGroup;
			children = (
				83118E312506DFBF007D441F /* TheMovieDBApp.app */,
				83118E4C2506DFC1007D441F /* TheMovieDBAppTests.xctest */,
				83118E572506DFC1007D441F /* TheMovieDBAppUITests.xctest */,
			);
			name = Products;
			sourceTree = "<group>";
		};
		83118E332506DFBF007D441F /* TheMovieDBApp */ = {
			isa = PBXGroup;
			children = (
				83118E342506DFBF007D441F /* AppDelegate.h */,
				83118E352506DFBF007D441F /* AppDelegate.m */,
				83118E372506DFBF007D441F /* SceneDelegate.h */,
				83118E382506DFBF007D441F /* SceneDelegate.m */,
				83118E3A2506DFBF007D441F /* ViewController.h */,
				83118E3B2506DFBF007D441F /* ViewController.m */,
				83118E3D2506DFBF007D441F /* Main.storyboard */,
				83118E402506DFC1007D441F /* Assets.xcassets */,
				83118E422506DFC1007D441F /* LaunchScreen.storyboard */,
				83118E452506DFC1007D441F /* Info.plist */,
				83118E462506DFC1007D441F /* main.m */,
			);
			path = TheMovieDBApp;
			sourceTree = "<group>";
		};
		83118E4F2506DFC1007D441F /* TheMovieDBAppTests */ = {
			isa = PBXGroup;
			children = (
				83118E502506DFC1007D441F /* TheMovieDBAppTests.m */,
				83118E522506DFC1007D441F /* Info.plist */,
			);
			path = TheMovieDBAppTests;
			sourceTree = "<group>";
		};
		83118E5A2506DFC1007D441F /* TheMovieDBAppUITests */ = {
			isa = PBXGroup;
			children = (
				83118E5B2506DFC1007D441F /* TheMovieDBAppUITests.m */,
				83118E5D2506DFC1007D441F /* Info.plist */,
			);
			path = TheMovieDBAppUITests;
			sourceTree = "<group>";
		};
/* End PBXGroup section */

/* Begin PBXNativeTarget section */
		83118E302506DFBF007D441F /* TheMovieDBApp */ = {
			isa = PBXNativeTarget;
			buildConfigurationList = 83118E602506DFC1007D441F /* Build configuration list for PBXNativeTarget "TheMovieDBApp" */;
			buildPhases = (
				83118E2D2506DFBF007D441F /* Sources */,
				83118E2E2506DFBF007D441F /* Frameworks */,
				83118E2F2506DFBF007D441F /* Resources */,
			);
			buildRules = (
			);
			dependencies = (
			);
			name = TheMovieDBApp;
			productName = TheMovieDBApp;
			productReference = 83118E312506DFBF007D441F /* TheMovieDBApp.app */;
			productType = "com.apple.product-type.application";
		};
		83118E4B2506DFC1007D441F /* TheMovieDBAppTests */ = {
			isa = PBXNativeTarget;
			buildConfigurationList = 83118E632506DFC1007D441F /* Build configuration list for PBXNativeTarget "TheMovieDBAppTests" */;
			buildPhases = (
				83118E482506DFC1007D441F /* Sources */,
				83118E492506DFC1007D441F /* Frameworks */,
				83118E4A2506DFC1007D441F /* Resources */,
			);
			buildRules = (
			);
			dependencies = (
				83118E4E2506DFC1007D441F /* PBXTargetDependency */,
			);
			name = TheMovieDBAppTests;
			productName = TheMovieDBAppTests;
			productReference = 83118E4C2506DFC1007D441F /* TheMovieDBAppTests.xctest */;
			productType = "com.apple.product-type.bundle.unit-test";
		};
		83118E562506DFC1007D441F /* TheMovieDBAppUITests */ = {
			isa = PBXNativeTarget;
			buildConfigurationList = 83118E662506DFC1007D441F /* Build configuration list for PBXNativeTarget "TheMovieDBAppUITests" */;
			buildPhases = (
				83118E532506DFC1007D441F /* Sources */,
				83118E542506DFC1007D441F /* Frameworks */,
				83118E552506DFC1007D441F /* Resources */,
			);
			buildRules = (
			);
			dependencies = (
				83118E592506DFC1007D441F /* PBXTargetDependency */,
			);
			name = TheMovieDBAppUITests;
			productName = TheMovieDBAppUITests;
			productReference = 83118E572506DFC1007D441F /* TheMovieDBAppUITests.xctest */;
			productType = "com.apple.product-type.bundle.ui-testing";
		};
/* End PBXNativeTarget section */

/* Begin PBXProject section */
		83118E292506DFBF007D441F /* Project object */ = {
			isa = PBXProject;
			attributes = {
				LastUpgradeCheck = 1170;
				ORGANIZATIONNAME = "Charles Sayre";
				TargetAttributes = {
					83118E302506DFBF007D441F = {
						CreatedOnToolsVersion = 11.7;
					};
					83118E4B2506DFC1007D441F = {
						CreatedOnToolsVersion = 11.7;
						TestTargetID = 83118E302506DFBF007D441F;
					};
					83118E562506DFC1007D441F = {
						CreatedOnToolsVersion = 11.7;
						TestTargetID = 83118E302506DFBF007D441F;
					};
				};
			};
			buildConfigurationList = 83118E2C2506DFBF007D441F /* Build configuration list for PBXProject "TheMovieDBApp" */;
			compatibilityVersion = "Xcode 9.3";
			developmentRegion = en;
			hasScannedForEncodings = 0;
			knownRegions = (
				en,
				Base,
			);
			mainGroup = 83118E282506DFBF007D441F;
			productRefGroup = 83118E322506DFBF007D441F /* Products */;
			projectDirPath = "";
			projectRoot = "";
			targets = (
				83118E302506DFBF007D441F /* TheMovieDBApp */,
				83118E4B2506DFC1007D441F /* TheMovieDBAppTests */,
				83118E562506DFC1007D441F /* TheMovieDBAppUITests */,
			);
		};
/* End PBXProject section */

/* Begin PBXResourcesBuildPhase section */
		83118E2F2506DFBF007D441F /* Resources */ = {
			isa = PBXResourcesBuildPhase;
			buildActionMask = 2147483647;
			files = (
				83118E442506DFC1007D441F /* LaunchScreen.storyboard in Resources */,
				83118E412506DFC1007D441F /* Assets.xcassets in Resources */,
				83118E3F2506DFBF007D441F /* Main.storyboard in Resources */,
			);
			runOnlyForDeploymentPostprocessing = 0;
		};
		83118E4A2506DFC1007D441F /* Resources */ = {
			isa = PBXResourcesBuildPhase;
			buildActionMask = 2147483647;
			files = (
			);
			runOnlyForDeploymentPostprocessing = 0;
		};
		83118E552506DFC1007D441F /* Resources */ = {
			isa = PBXResourcesBuildPhase;
			buildActionMask = 2147483647;
			files = (
			);
			runOnlyForDeploymentPostprocessing = 0;
		};
/* End PBXResourcesBuildPhase section */

/* Begin PBXSourcesBuildPhase section */
		83118E2D2506DFBF007D441F /* Sources */ = {
			isa = PBXSourcesBuildPhase;
			buildActionMask = 2147483647;
			files = (
				83118E3C2506DFBF007D441F /* ViewController.m in Sources */,
				83118E362506DFBF007D441F /* AppDelegate.m in Sources */,
				83118E472506DFC1007D441F /* main.m in Sources */,
				83118E392506DFBF007D441F /* SceneDelegate.m in Sources */,
			);
			runOnlyForDeploymentPostprocessing = 0;
		};
		83118E482506DFC1007D441F /* Sources */ = {
			isa = PBXSourcesBuildPhase;
			buildActionMask = 2147483647;
			files = (
				83118E512506DFC1007D441F /* TheMovieDBAppTests.m in Sources */,
			);
			runOnlyForDeploymentPostprocessing = 0;
		};
		83118E532506DFC1007D441F /* Sources */ = {
			isa = PBXSourcesBuildPhase;
			buildActionMask = 2147483647;
			files = (
				83118E5C2506DFC1007D441F /* TheMovieDBAppUITests.m in Sources */,
			);
			runOnlyForDeploymentPostprocessing = 0;
		};
/* End PBXSourcesBuildPhase section */

/* Begin PBXTargetDependency section */
		83118E4E2506DFC1007D441F /* PBXTargetDependency */ = {
			isa = PBXTargetDependency;
			target = 83118E302506DFBF007D441F /* TheMovieDBApp */;
			targetProxy = 83118E4D2506DFC1007D441F /* PBXContainerItemProxy */;
		};
		83118E592506DFC1007D441F /* PBXTargetDependency */ = {
			isa = PBXTargetDependency;
			target = 83118E302506DFBF007D441F /* TheMovieDBApp */;
			targetProxy = 83118E582506DFC1007D441F /* PBXContainerItemProxy */;
		};
/* End PBXTargetDependency section */

/* Begin PBXVariantGroup section */
		83118E3D2506DFBF007D441F /* Main.storyboard */ = {
			isa = PBXVariantGroup;
			children = (
				83118E3E2506DFBF007D441F /* Base */,
			);
			name = Main.storyboard;
			sourceTree = "<group>";
		};
		83118E422506DFC1007D441F /* LaunchScreen.storyboard */ = {
			isa = PBXVariantGroup;
			children = (
				83118E432506DFC1007D441F /* Base */,
			);
			name = LaunchScreen.storyboard;
			sourceTree = "<group>";
		};
/* End PBXVariantGroup section */

/* Begin XCBuildConfiguration section */
		83118E5E2506DFC1007D441F /* Debug */ = {
			isa = XCBuildConfiguration;
			buildSettings = {
				ALWAYS_SEARCH_USER_PATHS = NO;
				CLANG_ANALYZER_NONNULL = YES;
				CLANG_ANALYZER_NUMBER_OBJECT_CONVERSION = YES_AGGRESSIVE;
				CLANG_CXX_LANGUAGE_STANDARD = "gnu++14";
				CLANG_CXX_LIBRARY = "libc++";
				CLANG_ENABLE_MODULES = YES;
				CLANG_ENABLE_OBJC_ARC = YES;
				CLANG_ENABLE_OBJC_WEAK = YES;
				CLANG_WARN_BLOCK_CAPTURE_AUTORELEASING = YES;
				CLANG_WARN_BOOL_CONVERSION = YES;
				CLANG_WARN_COMMA = YES;
				CLANG_WARN_CONSTANT_CONVERSION = YES;
				CLANG_WARN_DEPRECATED_OBJC_IMPLEMENTATIONS = YES;
				CLANG_WARN_DIRECT_OBJC_ISA_USAGE = YES_ERROR;
				CLANG_WARN_DOCUMENTATION_COMMENTS = YES;
				CLANG_WARN_EMPTY_BODY = YES;
				CLANG_WARN_ENUM_CONVERSION = YES;
				CLANG_WARN_INFINITE_RECURSION = YES;
				CLANG_WARN_INT_CONVERSION = YES;
				CLANG_WARN_NON_LITERAL_NULL_CONVERSION = YES;
				CLANG_WARN_OBJC_IMPLICIT_RETAIN_SELF = YES;
				CLANG_WARN_OBJC_LITERAL_CONVERSION = YES;
				CLANG_WARN_OBJC_ROOT_CLASS = YES_ERROR;
				CLANG_WARN_RANGE_LOOP_ANALYSIS = YES;
				CLANG_WARN_STRICT_PROTOTYPES = YES;
				CLANG_WARN_SUSPICIOUS_MOVE = YES;
				CLANG_WARN_UNGUARDED_AVAILABILITY = YES_AGGRESSIVE;
				CLANG_WARN_UNREACHABLE_CODE = YES;
				CLANG_WARN__DUPLICATE_METHOD_MATCH = YES;
				COPY_PHASE_STRIP = NO;
				DEBUG_INFORMATION_FORMAT = dwarf;
				ENABLE_STRICT_OBJC_MSGSEND = YES;
				ENABLE_TESTABILITY = YES;
				GCC_C_LANGUAGE_STANDARD = gnu11;
				GCC_DYNAMIC_NO_PIC = NO;
				GCC_NO_COMMON_BLOCKS = YES;
				GCC_OPTIMIZATION_LEVEL = 0;
				GCC_PREPROCESSOR_DEFINITIONS = (
					"DEBUG=1",
					"$(inherited)",
				);
				GCC_WARN_64_TO_32_BIT_CONVERSION = YES;
				GCC_WARN_ABOUT_RETURN_TYPE = YES_ERROR;
				GCC_WARN_UNDECLARED_SELECTOR = YES;
				GCC_WARN_UNINITIALIZED_AUTOS = YES_AGGRESSIVE;
				GCC_WARN_UNUSED_FUNCTION = YES;
				GCC_WARN_UNUSED_VARIABLE = YES;
				IPHONEOS_DEPLOYMENT_TARGET = 13.7;
				MTL_ENABLE_DEBUG_INFO = INCLUDE_SOURCE;
				MTL_FAST_MATH = YES;
				ONLY_ACTIVE_ARCH = YES;
				SDKROOT = iphoneos;
			};
			name = Debug;
		};
		83118E5F2506DFC1007D441F /* Release */ = {
			isa = XCBuildConfiguration;
			buildSettings = {
				ALWAYS_SEARCH_USER_PATHS = NO;
				CLANG_ANALYZER_NONNULL = YES;
				CLANG_ANALYZER_NUMBER_OBJECT_CONVERSION = YES_AGGRESSIVE;
				CLANG_CXX_LANGUAGE_STANDARD = "gnu++14";
				CLANG_CXX_LIBRARY = "libc++";
				CLANG_ENABLE_MODULES = YES;
				CLANG_ENABLE_OBJC_ARC = YES;
				CLANG_ENABLE_OBJC_WEAK = YES;
				CLANG_WARN_BLOCK_CAPTURE_AUTORELEASING = YES;
				CLANG_WARN_BOOL_CONVERSION = YES;
				CLANG_WARN_COMMA = YES;
				CLANG_WARN_CONSTANT_CONVERSION = YES;
				CLANG_WARN_DEPRECATED_OBJC_IMPLEMENTATIONS = YES;
				CLANG_WARN_DIRECT_OBJC_ISA_USAGE = YES_ERROR;
				CLANG_WARN_DOCUMENTATION_COMMENTS = YES;
				CLANG_WARN_EMPTY_BODY = YES;
				CLANG_WARN_ENUM_CONVERSION = YES;
				CLANG_WARN_INFINITE_RECURSION = YES;
				CLANG_WARN_INT_CONVERSION = YES;
				CLANG_WARN_NON_LITERAL_NULL_CONVERSION = YES;
				CLANG_WARN_OBJC_IMPLICIT_RETAIN_SELF = YES;
				CLANG_WARN_OBJC_LITERAL_CONVERSION = YES;
				CLANG_WARN_OBJC_ROOT_CLASS = YES_ERROR;
				CLANG_WARN_RANGE_LOOP_ANALYSIS = YES;
				CLANG_WARN_STRICT_PROTOTYPES = YES;
				CLANG_WARN_SUSPICIOUS_MOVE = YES;
				CLANG_WARN_UNGUARDED_AVAILABILITY = YES_AGGRESSIVE;
				CLANG_WARN_UNREACHABLE_CODE = YES;
				CLANG_WARN__DUPLICATE_METHOD_MATCH = YES;
				COPY_PHASE_STRIP = NO;
				DEBUG_INFORMATION_FORMAT = "dwarf-with-dsym";
				ENABLE_NS_ASSERTIONS = NO;
				ENABLE_STRICT_OBJC_MSGSEND = YES;
				GCC_C_LANGUAGE_STANDARD = gnu11;
				GCC_NO_COMMON_BLOCKS = YES;
				GCC_WARN_64_TO_32_BIT_CONVERSION = YES;
				GCC_WARN_ABOUT_RETURN_TYPE = YES_ERROR;
				GCC_WARN_UNDECLARED_SELECTOR = YES;
				GCC_WARN_UNINITIALIZED_AUTOS = YES_AGGRESSIVE;
				GCC_WARN_UNUSED_FUNCTION = YES;
				GCC_WARN_UNUSED_VARIABLE = YES;
				IPHONEOS_DEPLOYMENT_TARGET = 13.7;
				MTL_ENABLE_DEBUG_INFO = NO;
				MTL_FAST_MATH = YES;
				SDKROOT = iphoneos;
				VALIDATE_PRODUCT = YES;
			};
			name = Release;
		};
		83118E612506DFC1007D441F /* Debug */ = {
			isa = XCBuildConfiguration;
			buildSettings = {
				ASSETCATALOG_COMPILER_APPICON_NAME = AppIcon;
				CODE_SIGN_STYLE = Automatic;
				INFOPLIST_FILE = TheMovieDBApp/Info.plist;
				LD_RUNPATH_SEARCH_PATHS = (
					"$(inherited)",
					"@executable_path/Frameworks",
				);
				PRODUCT_BUNDLE_IDENTIFIER = SMU.TheMovieDBApp;
				PRODUCT_NAME = "$(TARGET_NAME)";
				TARGETED_DEVICE_FAMILY = "1,2";
			};
			name = Debug;
		};
		83118E622506DFC1007D441F /* Release */ = {
			isa = XCBuildConfiguration;
			buildSettings = {
				ASSETCATALOG_COMPILER_APPICON_NAME = AppIcon;
				CODE_SIGN_STYLE = Automatic;
				INFOPLIST_FILE = TheMovieDBApp/Info.plist;
				LD_RUNPATH_SEARCH_PATHS = (
					"$(inherited)",
					"@executable_path/Frameworks",
				);
				PRODUCT_BUNDLE_IDENTIFIER = SMU.TheMovieDBApp;
				PRODUCT_NAME = "$(TARGET_NAME)";
				TARGETED_DEVICE_FAMILY = "1,2";
			};
			name = Release;
		};
		83118E642506DFC1007D441F /* Debug */ = {
			isa = XCBuildConfiguration;
			buildSettings = {
				BUNDLE_LOADER = "$(TEST_HOST)";
				CODE_SIGN_STYLE = Automatic;
				INFOPLIST_FILE = TheMovieDBAppTests/Info.plist;
				IPHONEOS_DEPLOYMENT_TARGET = 13.7;
				LD_RUNPATH_SEARCH_PATHS = (
					"$(inherited)",
					"@executable_path/Frameworks",
					"@loader_path/Frameworks",
				);
				PRODUCT_BUNDLE_IDENTIFIER = SMU.TheMovieDBAppTests;
				PRODUCT_NAME = "$(TARGET_NAME)";
				TARGETED_DEVICE_FAMILY = "1,2";
				TEST_HOST = "$(BUILT_PRODUCTS_DIR)/TheMovieDBApp.app/TheMovieDBApp";
			};
			name = Debug;
		};
		83118E652506DFC1007D441F /* Release */ = {
			isa = XCBuildConfiguration;
			buildSettings = {
				BUNDLE_LOADER = "$(TEST_HOST)";
				CODE_SIGN_STYLE = Automatic;
				INFOPLIST_FILE = TheMovieDBAppTests/Info.plist;
				IPHONEOS_DEPLOYMENT_TARGET = 13.7;
				LD_RUNPATH_SEARCH_PATHS = (
					"$(inherited)",
					"@executable_path/Frameworks",
					"@loader_path/Frameworks",
				);
				PRODUCT_BUNDLE_IDENTIFIER = SMU.TheMovieDBAppTests;
				PRODUCT_NAME = "$(TARGET_NAME)";
				TARGETED_DEVICE_FAMILY = "1,2";
				TEST_HOST = "$(BUILT_PRODUCTS_DIR)/TheMovieDBApp.app/TheMovieDBApp";
			};
			name = Release;
		};
		83118E672506DFC1007D441F /* Debug */ = {
			isa = XCBuildConfiguration;
			buildSettings = {
				CODE_SIGN_STYLE = Automatic;
				INFOPLIST_FILE = TheMovieDBAppUITests/Info.plist;
				LD_RUNPATH_SEARCH_PATHS = (
					"$(inherited)",
					"@executable_path/Frameworks",
					"@loader_path/Frameworks",
				);
				PRODUCT_BUNDLE_IDENTIFIER = SMU.TheMovieDBAppUITests;
				PRODUCT_NAME = "$(TARGET_NAME)";
				TARGETED_DEVICE_FAMILY = "1,2";
				TEST_TARGET_NAME = TheMovieDBApp;
			};
			name = Debug;
		};
		83118E682506DFC1007D441F /* Release */ = {
			isa = XCBuildConfiguration;
			buildSettings = {
				CODE_SIGN_STYLE = Automatic;
				INFOPLIST_FILE = TheMovieDBAppUITests/Info.plist;
				LD_RUNPATH_SEARCH_PATHS = (
					"$(inherited)",
					"@executable_path/Frameworks",
					"@loader_path/Frameworks",
				);
				PRODUCT_BUNDLE_IDENTIFIER = SMU.TheMovieDBAppUITests;
				PRODUCT_NAME = "$(TARGET_NAME)";
				TARGETED_DEVICE_FAMILY = "1,2";
				TEST_TARGET_NAME = TheMovieDBApp;
			};
			name = Release;
		};
/* End XCBuildConfiguration section */

/* Begin XCConfigurationList section */
		83118E2C2506DFBF007D441F /* Build configuration list for PBXProject "TheMovieDBApp" */ = {
			isa = XCConfigurationList;
			buildConfigurations = (
				83118E5E2506DFC1007D441F /* Debug */,
				83118E5F2506DFC1007D441F /* Release */,
			);
			defaultConfigurationIsVisible = 0;
			defaultConfigurationName = Release;
		};
		83118E602506DFC1007D441F /* Build configuration list for PBXNativeTarget "TheMovieDBApp" */ = {
			isa = XCConfigurationList;
			buildConfigurations = (
				83118E612506DFC1007D441F /* Debug */,
				83118E622506DFC1007D441F /* Release */,
			);
			defaultConfigurationIsVisible = 0;
			defaultConfigurationName = Release;
		};
		83118E632506DFC1007D441F /* Build configuration list for PBXNativeTarget "TheMovieDBAppTests" */ = {
			isa = XCConfigurationList;
			buildConfigurations = (
				83118E642506DFC1007D441F /* Debug */,
				83118E652506DFC1007D441F /* Release */,
			);
			defaultConfigurationIsVisible = 0;
			defaultConfigurationName = Release;
		};
		83118E662506DFC1007D441F /* Build configuration list for PBXNativeTarget "TheMovieDBAppUITests" */ = {
			isa = XCConfigurationList;
			buildConfigurations = (
				83118E672506DFC1007D441F /* Debug */,
				83118E682506DFC1007D441F /* Release */,
			);
			defaultConfigurationIsVisible = 0;
			defaultConfigurationName = Release;
		};
/* End XCConfigurationList section */
	};
	rootObject = 83118E292506DFBF007D441F /* Project object */;
}
